
Microsoft Visual Studio Solution File, Format Version 12.00
# Visual Studio 15
VisualStudioVersion = 15.0.27130.2020
MinimumVisualStudioVersion = 10.0.40219.1
Project("{159641D6-6404-4A2A-AE62-294DE0FE8301}") = "SSIS_VS2017_EncryptedWithPassword", "SSIS_VS2017_EncryptedWithPassword\SSIS_VS2017_EncryptedWithPassword.dtproj", "{152786AA-DCF3-452D-9C72-C41033B88D90}"
EndProject
Global
	GlobalSection(SolutionConfigurationPlatforms) = preSolution
		Development|Default = Development|Default
	EndGlobalSection
	GlobalSection(ProjectConfigurationPlatforms) = postSolution
		{152786AA-DCF3-452D-9C72-C41033B88D90}.Development|Default.ActiveCfg = Development
		{152786AA-DCF3-452D-9C72-C41033B88D90}.Development|Default.Build.0 = Development
	EndGlobalSection
	GlobalSection(SolutionProperties) = preSolution
		HideSolutionNode = FALSE
	EndGlobalSection
	GlobalSection(ExtensibilityGlobals) = postSolution
		SolutionGuid = {FFACC7E9-C10F-4E07-947B-521553D008E2}
	EndGlobalSection
EndGlobal
